
Microsoft Visual Studio Solution File, Format Version 12.00
# Visual Studio Version 17
VisualStudioVersion = 17.1.32414.318
MinimumVisualStudioVersion = 10.0.40219.1
Project("{9A19103F-16F7-4668-BE54-9A1E7A4F7556}") = "ChatClient", "ChatClient\ChatClient.csproj", "{448667E0-73DA-47E0-9837-48139B08DD19}"
EndProject
Project("{2150E333-8FDC-42A3-9474-1A3956D46DE8}") = "Solution Items", "Solution Items", "{10C8D0E9-7FB6-4518-9063-C4E108B8D028}"
	ProjectSection(SolutionItems) = preProject
		.editorconfig = .editorconfig
	EndProjectSection
EndProject
Project("{9A19103F-16F7-4668-BE54-9A1E7A4F7556}") = "ChatData", "ChatData\ChatData.csproj", "{EF6DA2E4-29FF-455C-9BAC-D46D1CA713D3}"
EndProject
Project("{E24C65DC-7377-472B-9ABA-BC803B73C61A}") = "ChatWcfService", "ChatWcfService\", "{554FD67D-BB3B-47CF-BC81-E0DD17993256}"
	ProjectSection(WebsiteProperties) = preProject
		TargetFrameworkMoniker = ".NETFramework,Version%3Dv4.8"
		ProjectReferences = "{ef6da2e4-29ff-455c-9bac-d46d1ca713d3}|ChatData.dll;"
		Debug.AspNetCompiler.VirtualPath = "/localhost_60806"
		Debug.AspNetCompiler.PhysicalPath = "ChatWcfService\"
		Debug.AspNetCompiler.TargetPath = "PrecompiledWeb\localhost_60806\"
		Debug.AspNetCompiler.Updateable = "true"
		Debug.AspNetCompiler.ForceOverwrite = "true"
		Debug.AspNetCompiler.FixedNames = "false"
		Debug.AspNetCompiler.Debug = "True"
		Release.AspNetCompiler.VirtualPath = "/localhost_60806"
		Release.AspNetCompiler.PhysicalPath = "ChatWcfService\"
		Release.AspNetCompiler.TargetPath = "PrecompiledWeb\localhost_60806\"
		Release.AspNetCompiler.Updateable = "true"
		Release.AspNetCompiler.ForceOverwrite = "true"
		Release.AspNetCompiler.FixedNames = "false"
		Release.AspNetCompiler.Debug = "False"
		VWDPort = "60806"
		SlnRelativePath = "ChatWcfService\"
		DefaultWebSiteLanguage = "Visual C#"
	EndProjectSection
EndProject
Global
	GlobalSection(SolutionConfigurationPlatforms) = preSolution
		Debug|Any CPU = Debug|Any CPU
		Release|Any CPU = Release|Any CPU
	EndGlobalSection
	GlobalSection(ProjectConfigurationPlatforms) = postSolution
		{448667E0-73DA-47E0-9837-48139B08DD19}.Debug|Any CPU.ActiveCfg = Debug|Any CPU
		{448667E0-73DA-47E0-9837-48139B08DD19}.Debug|Any CPU.Build.0 = Debug|Any CPU
		{448667E0-73DA-47E0-9837-48139B08DD19}.Release|Any CPU.ActiveCfg = Release|Any CPU
		{448667E0-73DA-47E0-9837-48139B08DD19}.Release|Any CPU.Build.0 = Release|Any CPU
		{EF6DA2E4-29FF-455C-9BAC-D46D1CA713D3}.Debug|Any CPU.ActiveCfg = Debug|Any CPU
		{EF6DA2E4-29FF-455C-9BAC-D46D1CA713D3}.Debug|Any CPU.Build.0 = Debug|Any CPU
		{EF6DA2E4-29FF-455C-9BAC-D46D1CA713D3}.Release|Any CPU.ActiveCfg = Release|Any CPU
		{EF6DA2E4-29FF-455C-9BAC-D46D1CA713D3}.Release|Any CPU.Build.0 = Release|Any CPU
		{554FD67D-BB3B-47CF-BC81-E0DD17993256}.Debug|Any CPU.ActiveCfg = Debug|Any CPU
		{554FD67D-BB3B-47CF-BC81-E0DD17993256}.Debug|Any CPU.Build.0 = Debug|Any CPU
		{554FD67D-BB3B-47CF-BC81-E0DD17993256}.Release|Any CPU.ActiveCfg = Debug|Any CPU
		{554FD67D-BB3B-47CF-BC81-E0DD17993256}.Release|Any CPU.Build.0 = Debug|Any CPU
	EndGlobalSection
	GlobalSection(SolutionProperties) = preSolution
		HideSolutionNode = FALSE
	EndGlobalSection
	GlobalSection(ExtensibilityGlobals) = postSolution
		SolutionGuid = {A585F0F7-5CFB-43D7-903C-2E0162169731}
	EndGlobalSection
EndGlobal
