
Microsoft Visual Studio Solution File, Format Version 12.00
# Visual Studio Version 17
VisualStudioVersion = 17.1.32414.318
MinimumVisualStudioVersion = 10.0.40219.1
Project("{9A19103F-16F7-4668-BE54-9A1E7A4F7556}") = "ChatClient", "ChatClient\ChatClient.csproj", "{448667E0-73DA-47E0-9837-48139B08DD19}"
EndProject
Project("{2150E333-8FDC-42A3-9474-1A3956D46DE8}") = "Solution Items", "Solution Items", "{10C8D0E9-7FB6-4518-9063-C4E108B8D028}"
	ProjectSection(SolutionItems) = preProject
		.editorconfig = .editorconfig
	EndProjectSection
EndProject
Project("{9A19103F-16F7-4668-BE54-9A1E7A4F7556}") = "ChatData", "ChatData\ChatData.csproj", "{EF6DA2E4-29FF-455C-9BAC-D46D1CA713D3}"
EndProject
Project("{FAE04EC0-301F-11D3-BF4B-00C04F79EFBC}") = "ChatServiceHost", "ChatServiceHost\ChatServiceHost.csproj", "{EA3D14F7-1353-4348-9373-1B178D92ADE8}"
EndProject
Project("{9A19103F-16F7-4668-BE54-9A1E7A4F7556}") = "ChatWCFService", "ChatWCF\ChatWCFService.csproj", "{C506312A-063C-424F-99D9-FB98C3496D15}"
EndProject
Global
	GlobalSection(SolutionConfigurationPlatforms) = preSolution
		Debug|Any CPU = Debug|Any CPU
		Release|Any CPU = Release|Any CPU
	EndGlobalSection
	GlobalSection(ProjectConfigurationPlatforms) = postSolution
		{448667E0-73DA-47E0-9837-48139B08DD19}.Debug|Any CPU.ActiveCfg = Debug|Any CPU
		{448667E0-73DA-47E0-9837-48139B08DD19}.Debug|Any CPU.Build.0 = Debug|Any CPU
		{448667E0-73DA-47E0-9837-48139B08DD19}.Release|Any CPU.ActiveCfg = Release|Any CPU
		{448667E0-73DA-47E0-9837-48139B08DD19}.Release|Any CPU.Build.0 = Release|Any CPU
		{EF6DA2E4-29FF-455C-9BAC-D46D1CA713D3}.Debug|Any CPU.ActiveCfg = Debug|Any CPU
		{EF6DA2E4-29FF-455C-9BAC-D46D1CA713D3}.Debug|Any CPU.Build.0 = Debug|Any CPU
		{EF6DA2E4-29FF-455C-9BAC-D46D1CA713D3}.Release|Any CPU.ActiveCfg = Release|Any CPU
		{EF6DA2E4-29FF-455C-9BAC-D46D1CA713D3}.Release|Any CPU.Build.0 = Release|Any CPU
		{EA3D14F7-1353-4348-9373-1B178D92ADE8}.Debug|Any CPU.ActiveCfg = Debug|Any CPU
		{EA3D14F7-1353-4348-9373-1B178D92ADE8}.Debug|Any CPU.Build.0 = Debug|Any CPU
		{EA3D14F7-1353-4348-9373-1B178D92ADE8}.Release|Any CPU.ActiveCfg = Release|Any CPU
		{EA3D14F7-1353-4348-9373-1B178D92ADE8}.Release|Any CPU.Build.0 = Release|Any CPU
		{C506312A-063C-424F-99D9-FB98C3496D15}.Debug|Any CPU.ActiveCfg = Debug|Any CPU
		{C506312A-063C-424F-99D9-FB98C3496D15}.Debug|Any CPU.Build.0 = Debug|Any CPU
		{C506312A-063C-424F-99D9-FB98C3496D15}.Release|Any CPU.ActiveCfg = Release|Any CPU
		{C506312A-063C-424F-99D9-FB98C3496D15}.Release|Any CPU.Build.0 = Release|Any CPU
	EndGlobalSection
	GlobalSection(SolutionProperties) = preSolution
		HideSolutionNode = FALSE
	EndGlobalSection
	GlobalSection(ExtensibilityGlobals) = postSolution
		SolutionGuid = {A585F0F7-5CFB-43D7-903C-2E0162169731}
	EndGlobalSection
EndGlobal
